PODS:
  - FBAEMKit (11.2.1):
    - FBAEMKit/AEM (= 11.2.1)
  - FBAEMKit/AEM (11.2.1):
    - FBSDKCoreKit_Basics (~> 11.2.1)
  - FBSDKCoreKit (11.2.1):
    - FBSDKCoreKit/Core (= 11.2.1)
  - FBSDKCoreKit/Core (11.2.1):
    - FBAEMKit (~> 11.2.1)
    - FBSDKCoreKit_Basics (~> 11.2.1)
  - FBSDKCoreKit_Basics (11.2.1):
    - FBSDKCoreKit_Basics/Basics (= 11.2.1)
  - FBSDKCoreKit_Basics/Basics (11.2.1)
  - FBSDKLoginKit (11.2.1):
    - FBSDKLoginKit/Login (= 11.2.1)
  - FBSDKLoginKit/Login (11.2.1):
    - FBSDKCoreKit (~> 11.2.1)
    - FBSDKCoreKit_Basics (~> 11.2.1)
  - Flutter (2.5)
  - flutter_facebook_login (0.0.1):
    - FBSDKCoreKit (~> 11.2.1)
    - FBSDKLoginKit (~> 11.2.1)
    - Flutter

DEPENDENCIES:
  - flutter_facebook_login (from `/Users/mhamzawey/Desktop/projects/hotdesk/flutter_facebook_login/ios`)

SPEC REPOS:
  trunk:
    - FBAEMKit
    - FBSDKCoreKit
    - FBSDKCoreKit_Basics
    - FBSDKLoginKit
    - Flutter

EXTERNAL SOURCES:
  flutter_facebook_login:
    :path: "/Users/mhamzawey/Desktop/projects/hotdesk/flutter_facebook_login/ios"

SPEC CHECKSUMS:
  FBAEMKit: 5de0a7aaa854eec69bb5be20795952a63d38a5f6
  FBSDKCoreKit: bf655f808b040ed66a72b9922911b39d703e64f4
  FBSDKCoreKit_Basics: 73ebe3a27eb688ac5b5aa7e99f68992993042115
  FBSDKLoginKit: 2e76831ef08d356b8f9150ea51cce865074ea304
  Flutter: 4e094eefe76d76f60537272587a6eb1abcf12d09
  flutter_facebook_login: 9a36d3833e54f7211a57bc5544c2f1ae3fb452ce

PODFILE CHECKSUM: 9a1067c1f784f379ed3d0692688873181278f6f5

COCOAPODS: 1.11.2
